<?xml version="1.0" encoding="utf-8"?>
<Project ToolsVersion="4.0" xmlns="http://schemas.microsoft.com/developer/msbuild/2003">
  <ItemGroup>
    <Filter Include="Source Files">
      <UniqueIdentifier>{4FC737F1-C7A5-4376-A066-2A32D752A2FF}</UniqueIdentifier>
      <Extensions>cpp;c;cc;cxx;c++;cppm;ixx;def;odl;idl;hpj;bat;asm;asmx</Extensions>
    </Filter>
    <Filter Include="Header Files">
      <UniqueIdentifier>{93995380-89BD-4b04-88EB-625FBE52EBFB}</UniqueIdentifier>
      <Extensions>h;hh;hpp;hxx;h++;hm;inl;inc;ipp;xsd</Extensions>
    </Filter>
    <Filter Include="Resource Files">
      <UniqueIdentifier>{67DA6AB6-F800-4c08-8B7A-83BB121AAD01}</UniqueIdentifier>
      <Extensions>rc;ico;cur;bmp;dlg;rc2;rct;bin;rgs;gif;jpg;jpeg;jpe;resx;tiff;tif;png;wav;mfcribbon-ms</Extensions>
    </Filter>
    <Filter Include="Header Files\ImGui">
      <UniqueIdentifier>{23eaba4b-b5f5-4c53-aaf6-3c051741dedb}</UniqueIdentifier>
    </Filter>
    <Filter Include="Source Files\ImGui">
      <UniqueIdentifier>{47161b6a-3f03-45c2-9f87-78af49d47027}</UniqueIdentifier>
    </Filter>
    <Filter Include="Source Files\App">
      <UniqueIdentifier>{d5b2bc5f-69ff-466f-b85a-3f055a14e1d0}</UniqueIdentifier>
    </Filter>
    <Filter Include="Header Files\App">
      <UniqueIdentifier>{cec36df1-d8e0-496d-a788-6ed81a9102da}</UniqueIdentifier>
    </Filter>
    <Filter Include="Source Files\Graphics">
      <UniqueIdentifier>{153c86d8-1339-42b0-9772-7ef15c87cbaf}</UniqueIdentifier>
    </Filter>
    <Filter Include="Header Files\Graphics">
      <UniqueIdentifier>{886d179b-7bfc-43d2-ba25-34777af35d98}</UniqueIdentifier>
    </Filter>
    <Filter Include="Source Files\Graphics\Shader">
      <UniqueIdentifier>{24c189cf-06d4-4c94-b8a8-378aefcd50d9}</UniqueIdentifier>
    </Filter>
    <Filter Include="Header Files\Graphics\Shader">
      <UniqueIdentifier>{ae5fe336-ccf1-4007-9dcc-12ccb519e043}</UniqueIdentifier>
    </Filter>
    <Filter Include="Resource Files\Shaders">
      <UniqueIdentifier>{586feabb-8f0d-40df-ab03-46d6960d4f95}</UniqueIdentifier>
    </Filter>
    <Filter Include="Source Files\Graphics\Renderable">
      <UniqueIdentifier>{16148c9c-c264-46b8-8edd-4248c6142df0}</UniqueIdentifier>
    </Filter>
    <Filter Include="Header Files\Graphics\Renderable">
      <UniqueIdentifier>{6e38af47-a20d-4bc8-ae95-08d53babb409}</UniqueIdentifier>
    </Filter>
  </ItemGroup>
  <ItemGroup>
    <None Include="packages.config" />
    <None Include="resources\shaders\cubemap_fragment_shader.glsl">
      <Filter>Resource Files\Shaders</Filter>
    </None>
    <None Include="resources\shaders\cubemap_vertex_shader.glsl">
      <Filter>Resource Files\Shaders</Filter>
    </None>
    <None Include="resources\shaders\interpolation_fragment_shader.glsl">
      <Filter>Resource Files\Shaders</Filter>
    </None>
    <None Include="resources\shaders\interpolation_vertex_shader.glsl">
      <Filter>Resource Files\Shaders</Filter>
    </None>
    <None Include="resources\shaders\phong_fragment_shader.glsl">
      <Filter>Resource Files\Shaders</Filter>
    </None>
    <None Include="resources\shaders\phong_vertex_shader.glsl">
      <Filter>Resource Files\Shaders</Filter>
    </None>
    <None Include="resources\shaders\reflection_fragment_shader.glsl">
      <Filter>Resource Files\Shaders</Filter>
    </None>
    <None Include="resources\shaders\reflection_vertex_shader.glsl">
      <Filter>Resource Files\Shaders</Filter>
    </None>
    <None Include="resources\shaders\wave_vertex_shader.glsl">
      <Filter>Resource Files\Shaders</Filter>
    </None>
  </ItemGroup>
  <ItemGroup>
    <ClCompile Include="dependencies\ImGui\imgui.cpp">
      <Filter>Source Files\ImGui</Filter>
    </ClCompile>
    <ClCompile Include="dependencies\ImGui\imgui_demo.cpp">
      <Filter>Source Files\ImGui</Filter>
    </ClCompile>
    <ClCompile Include="dependencies\ImGui\imgui_draw.cpp">
      <Filter>Source Files\ImGui</Filter>
    </ClCompile>
    <ClCompile Include="dependencies\ImGui\imgui_impl_glfw.cpp">
      <Filter>Source Files\ImGui</Filter>
    </ClCompile>
    <ClCompile Include="dependencies\ImGui\imgui_impl_opengl3.cpp">
      <Filter>Source Files\ImGui</Filter>
    </ClCompile>
    <ClCompile Include="dependencies\ImGui\imgui_tables.cpp">
      <Filter>Source Files\ImGui</Filter>
    </ClCompile>
    <ClCompile Include="dependencies\ImGui\imgui_widgets.cpp">
      <Filter>Source Files\ImGui</Filter>
    </ClCompile>
    <ClCompile Include="src\app\glad.c">
      <Filter>Source Files\App</Filter>
    </ClCompile>
    <ClCompile Include="main.cpp">
      <Filter>Source Files</Filter>
    </ClCompile>
    <ClCompile Include="src\app\initializations.cpp">
      <Filter>Source Files\App</Filter>
    </ClCompile>
    <ClCompile Include="src\app\callbacks.cpp">
      <Filter>Source Files\App</Filter>
    </ClCompile>
    <ClCompile Include="src\app\gui.cpp">
      <Filter>Source Files\App</Filter>
    </ClCompile>
    <ClCompile Include="src\graphics\shader\Shader.cpp">
      <Filter>Source Files\Graphics\Shader</Filter>
    </ClCompile>
    <ClCompile Include="src\graphics\shader\ShaderMaker.cpp">
      <Filter>Source Files\Graphics\Shader</Filter>
    </ClCompile>
    <ClCompile Include="src\graphics\renderable\AbstractMesh.cpp">
      <Filter>Source Files\Graphics\Renderable</Filter>
    </ClCompile>
    <ClCompile Include="src\graphics\renderable\MeshGeometry.cpp">
      <Filter>Source Files\Graphics\Renderable</Filter>
    </ClCompile>
    <ClCompile Include="src\graphics\renderable\InsideGpuMesh.cpp">
      <Filter>Source Files\Graphics\Renderable</Filter>
    </ClCompile>
  </ItemGroup>
  <ItemGroup>
    <ClInclude Include="dependencies\ImGui\imgui_impl_glfw.h">
      <Filter>Header Files\ImGui</Filter>
    </ClInclude>
    <ClInclude Include="dependencies\ImGui\imgui.h">
      <Filter>Header Files\ImGui</Filter>
    </ClInclude>
    <ClInclude Include="dependencies\ImGui\imconfig.h">
      <Filter>Header Files\ImGui</Filter>
    </ClInclude>
    <ClInclude Include="dependencies\ImGui\imstb_truetype.h">
      <Filter>Header Files\ImGui</Filter>
    </ClInclude>
    <ClInclude Include="dependencies\ImGui\imstb_textedit.h">
      <Filter>Header Files\ImGui</Filter>
    </ClInclude>
    <ClInclude Include="dependencies\ImGui\imstb_rectpack.h">
      <Filter>Header Files\ImGui</Filter>
    </ClInclude>
    <ClInclude Include="dependencies\ImGui\imgui_internal.h">
      <Filter>Header Files\ImGui</Filter>
    </ClInclude>
    <ClInclude Include="dependencies\ImGui\imgui_impl_opengl3_loader.h">
      <Filter>Header Files\ImGui</Filter>
    </ClInclude>
    <ClInclude Include="dependencies\ImGui\imgui_impl_opengl3.h">
      <Filter>Header Files\ImGui</Filter>
    </ClInclude>
    <ClInclude Include="src\app\initializations.h">
      <Filter>Header Files\App</Filter>
    </ClInclude>
    <ClInclude Include="src\app\callbacks.h">
      <Filter>Header Files\App</Filter>
    </ClInclude>
    <ClInclude Include="src\app\gui.h">
      <Filter>Header Files\App</Filter>
    </ClInclude>
    <ClInclude Include="src\graphics\shader\ShaderMaker.h">
      <Filter>Header Files\Graphics\Shader</Filter>
    </ClInclude>
    <ClInclude Include="src\graphics\shader\Shader.h">
      <Filter>Header Files\Graphics\Shader</Filter>
    </ClInclude>
    <ClInclude Include="src\settings.h">
      <Filter>Header Files</Filter>
    </ClInclude>
    <ClInclude Include="src\graphics\renderable\AbstractMesh.h">
      <Filter>Header Files\Graphics\Renderable</Filter>
    </ClInclude>
    <ClInclude Include="src\graphics\renderable\MeshGeometry.h">
      <Filter>Header Files\Graphics\Renderable</Filter>
    </ClInclude>
    <ClInclude Include="src\libs.h">
      <Filter>Header Files</Filter>
    </ClInclude>
    <ClInclude Include="src\graphics\renderable\InsideGpuMesh.h">
      <Filter>Header Files\Graphics\Renderable</Filter>
    </ClInclude>
  </ItemGroup>
</Project>