<?xml version="1.0" encoding="utf-8"?>
<Project ToolsVersion="4.0" xmlns="http://schemas.microsoft.com/developer/msbuild/2003">
  <ItemGroup>
    <Filter Include="Source Files">
      <UniqueIdentifier>{4FC737F1-C7A5-4376-A066-2A32D752A2FF}</UniqueIdentifier>
      <Extensions>cpp;c;cc;cxx;c++;cppm;ixx;def;odl;idl;hpj;bat;asm;asmx</Extensions>
    </Filter>
    <Filter Include="Header Files">
      <UniqueIdentifier>{93995380-89BD-4b04-88EB-625FBE52EBFB}</UniqueIdentifier>
      <Extensions>h;hh;hpp;hxx;h++;hm;inl;inc;ipp;xsd</Extensions>
    </Filter>
    <Filter Include="Resource Files">
      <UniqueIdentifier>{67DA6AB6-F800-4c08-8B7A-83BB121AAD01}</UniqueIdentifier>
      <Extensions>rc;ico;cur;bmp;dlg;rc2;rct;bin;rgs;gif;jpg;jpeg;jpe;resx;tiff;tif;png;wav;mfcribbon-ms</Extensions>
    </Filter>
    <Filter Include="Header Files\ImGui">
      <UniqueIdentifier>{23eaba4b-b5f5-4c53-aaf6-3c051741dedb}</UniqueIdentifier>
    </Filter>
    <Filter Include="Source Files\ImGui">
      <UniqueIdentifier>{47161b6a-3f03-45c2-9f87-78af49d47027}</UniqueIdentifier>
    </Filter>
    <Filter Include="Resource Files\Shaders">
      <UniqueIdentifier>{586feabb-8f0d-40df-ab03-46d6960d4f95}</UniqueIdentifier>
    </Filter>
    <Filter Include="Header Files\Entities">
      <UniqueIdentifier>{d6f64aad-5ff4-4d5c-bd3d-49f6f6bdde07}</UniqueIdentifier>
    </Filter>
    <Filter Include="Source Files\Entities">
      <UniqueIdentifier>{8137d16d-74c3-43ca-b3e8-09a09f126a0b}</UniqueIdentifier>
    </Filter>
    <Filter Include="Header Files\Geometry">
      <UniqueIdentifier>{e98ece6c-1fdb-4416-b6b1-b0ac5085aef4}</UniqueIdentifier>
    </Filter>
    <Filter Include="Source Files\Geometry">
      <UniqueIdentifier>{d8093d9c-0062-41c5-b736-e32020f4c257}</UniqueIdentifier>
    </Filter>
    <Filter Include="Header Files\Gpu Objects">
      <UniqueIdentifier>{eadebdc9-e78b-4db1-a7bc-321bd5c3a89f}</UniqueIdentifier>
    </Filter>
    <Filter Include="Source Files\Gpu Objects">
      <UniqueIdentifier>{9bb4d95e-f3a8-45c3-83af-cd89591b5916}</UniqueIdentifier>
    </Filter>
    <Filter Include="Header Files\Lighting">
      <UniqueIdentifier>{e1288f46-4de0-46d6-a252-6b4b77a93261}</UniqueIdentifier>
    </Filter>
    <Filter Include="Source Files\Lighting">
      <UniqueIdentifier>{056b2440-09f3-4098-9936-15994bc06600}</UniqueIdentifier>
    </Filter>
    <Filter Include="Header Files\Scene">
      <UniqueIdentifier>{c878bb33-c7c9-4e1e-b3cd-9db2afaa2f4d}</UniqueIdentifier>
    </Filter>
    <Filter Include="Source Files\Scene">
      <UniqueIdentifier>{e42ea8a9-5c05-4ecc-8402-e75c98d09b11}</UniqueIdentifier>
    </Filter>
    <Filter Include="Header Files\Shader">
      <UniqueIdentifier>{2087c500-c33d-4f3e-80f4-58f7fc418ba9}</UniqueIdentifier>
    </Filter>
    <Filter Include="Source Files\Shader">
      <UniqueIdentifier>{15ea9827-2977-4440-b788-04999caf8421}</UniqueIdentifier>
    </Filter>
    <Filter Include="Source Files\Texture">
      <UniqueIdentifier>{3b923549-55ef-419d-9daa-3e09e5d0b310}</UniqueIdentifier>
    </Filter>
    <Filter Include="Header Files\Texture">
      <UniqueIdentifier>{55e29cd3-448f-474c-ad63-55c0c385abe5}</UniqueIdentifier>
    </Filter>
    <Filter Include="Header Files\Utils">
      <UniqueIdentifier>{c623e9df-3856-4cc1-9fda-1ec2a8eef2ef}</UniqueIdentifier>
    </Filter>
    <Filter Include="Source Files\Utils">
      <UniqueIdentifier>{9b7cc471-b31c-429a-aab9-23a0408f21b9}</UniqueIdentifier>
    </Filter>
  </ItemGroup>
  <ItemGroup>
    <None Include="packages.config" />
    <None Include="resources\shaders\cubemap_fragment_shader.glsl">
      <Filter>Resource Files\Shaders</Filter>
    </None>
    <None Include="resources\shaders\cubemap_vertex_shader.glsl">
      <Filter>Resource Files\Shaders</Filter>
    </None>
    <None Include="resources\shaders\interpolation_fragment_shader.glsl">
      <Filter>Resource Files\Shaders</Filter>
    </None>
    <None Include="resources\shaders\interpolation_vertex_shader.glsl">
      <Filter>Resource Files\Shaders</Filter>
    </None>
    <None Include="resources\shaders\phong_fragment_shader.glsl">
      <Filter>Resource Files\Shaders</Filter>
    </None>
    <None Include="resources\shaders\phong_vertex_shader.glsl">
      <Filter>Resource Files\Shaders</Filter>
    </None>
    <None Include="resources\shaders\reflection_fragment_shader.glsl">
      <Filter>Resource Files\Shaders</Filter>
    </None>
    <None Include="resources\shaders\reflection_vertex_shader.glsl">
      <Filter>Resource Files\Shaders</Filter>
    </None>
    <None Include="resources\shaders\wave_vertex_shader.glsl">
      <Filter>Resource Files\Shaders</Filter>
    </None>
    <None Include="resources\shaders\basic_fragment_shader.glsl">
      <Filter>Resource Files\Shaders</Filter>
    </None>
    <None Include="resources\shaders\basic_vertex_shader.glsl">
      <Filter>Resource Files\Shaders</Filter>
    </None>
  </ItemGroup>
  <ItemGroup>
    <ClCompile Include="dependencies\ImGui\imgui.cpp">
      <Filter>Source Files\ImGui</Filter>
    </ClCompile>
    <ClCompile Include="dependencies\ImGui\imgui_demo.cpp">
      <Filter>Source Files\ImGui</Filter>
    </ClCompile>
    <ClCompile Include="dependencies\ImGui\imgui_draw.cpp">
      <Filter>Source Files\ImGui</Filter>
    </ClCompile>
    <ClCompile Include="dependencies\ImGui\imgui_impl_glfw.cpp">
      <Filter>Source Files\ImGui</Filter>
    </ClCompile>
    <ClCompile Include="dependencies\ImGui\imgui_impl_opengl3.cpp">
      <Filter>Source Files\ImGui</Filter>
    </ClCompile>
    <ClCompile Include="dependencies\ImGui\imgui_tables.cpp">
      <Filter>Source Files\ImGui</Filter>
    </ClCompile>
    <ClCompile Include="dependencies\ImGui\imgui_widgets.cpp">
      <Filter>Source Files\ImGui</Filter>
    </ClCompile>
    <ClCompile Include="main.cpp">
      <Filter>Source Files</Filter>
    </ClCompile>
    <ClCompile Include="src\entities\BoundingBox.cpp">
      <Filter>Source Files\Entities</Filter>
    </ClCompile>
    <ClCompile Include="src\entities\Mesh.cpp">
      <Filter>Source Files\Entities</Filter>
    </ClCompile>
    <ClCompile Include="src\entities\PhysicalObject.cpp">
      <Filter>Source Files\Entities</Filter>
    </ClCompile>
    <ClCompile Include="src\entities\PhysicalObjectFactory.cpp">
      <Filter>Source Files\Entities</Filter>
    </ClCompile>
    <ClCompile Include="src\entities\Skybox.cpp">
      <Filter>Source Files\Entities</Filter>
    </ClCompile>
    <ClCompile Include="src\geometry\MeshGeometryFactory.cpp">
      <Filter>Source Files\Geometry</Filter>
    </ClCompile>
    <ClCompile Include="src\gpu_objects\GpuBuffers.cpp">
      <Filter>Source Files\Gpu Objects</Filter>
    </ClCompile>
    <ClCompile Include="src\gpu_objects\RenderableBackground.cpp">
      <Filter>Source Files\Gpu Objects</Filter>
    </ClCompile>
    <ClCompile Include="src\gpu_objects\RenderableObject.cpp">
      <Filter>Source Files\Gpu Objects</Filter>
    </ClCompile>
    <ClCompile Include="src\gpu_objects\RenderablePointLight.cpp">
      <Filter>Source Files\Gpu Objects</Filter>
    </ClCompile>
    <ClCompile Include="src\lighting\PointLight.cpp">
      <Filter>Source Files\Lighting</Filter>
    </ClCompile>
    <ClCompile Include="src\lighting\Material.cpp">
      <Filter>Source Files\Lighting</Filter>
    </ClCompile>
    <ClCompile Include="src\utils\callbacks.cpp">
      <Filter>Source Files\Utils</Filter>
    </ClCompile>
    <ClCompile Include="src\utils\glad.c">
      <Filter>Source Files\Utils</Filter>
    </ClCompile>
    <ClCompile Include="src\utils\gui.cpp">
      <Filter>Source Files\Utils</Filter>
    </ClCompile>
    <ClCompile Include="src\utils\initializations.cpp">
      <Filter>Source Files\Utils</Filter>
    </ClCompile>
    <ClCompile Include="src\utils\WindowManager.cpp">
      <Filter>Source Files\Utils</Filter>
    </ClCompile>
    <ClCompile Include="src\utils\AppSettings.cpp">
      <Filter>Source Files\Utils</Filter>
    </ClCompile>
    <ClCompile Include="src\texture\TextureMaker.cpp">
      <Filter>Source Files\Texture</Filter>
    </ClCompile>
    <ClCompile Include="src\texture\Texture.cpp">
      <Filter>Source Files\Texture</Filter>
    </ClCompile>
    <ClCompile Include="src\shader\ShaderMaker.cpp">
      <Filter>Source Files\Shader</Filter>
    </ClCompile>
    <ClCompile Include="src\shader\Shader.cpp">
      <Filter>Source Files\Shader</Filter>
    </ClCompile>
    <ClCompile Include="src\scene\Camera.cpp">
      <Filter>Source Files\Scene</Filter>
    </ClCompile>
    <ClCompile Include="src\scene\Projection.cpp">
      <Filter>Source Files\Scene</Filter>
    </ClCompile>
    <ClCompile Include="src\scene\Scene.cpp">
      <Filter>Source Files\Scene</Filter>
    </ClCompile>
    <ClCompile Include="src\geometry\MeshGeometry.cpp">
      <Filter>Source Files\Geometry</Filter>
    </ClCompile>
    <ClCompile Include="src\App.cpp">
      <Filter>Source Files</Filter>
    </ClCompile>
  </ItemGroup>
  <ItemGroup>
    <ClInclude Include="dependencies\ImGui\imgui_impl_glfw.h">
      <Filter>Header Files\ImGui</Filter>
    </ClInclude>
    <ClInclude Include="dependencies\ImGui\imgui.h">
      <Filter>Header Files\ImGui</Filter>
    </ClInclude>
    <ClInclude Include="dependencies\ImGui\imconfig.h">
      <Filter>Header Files\ImGui</Filter>
    </ClInclude>
    <ClInclude Include="dependencies\ImGui\imstb_truetype.h">
      <Filter>Header Files\ImGui</Filter>
    </ClInclude>
    <ClInclude Include="dependencies\ImGui\imstb_textedit.h">
      <Filter>Header Files\ImGui</Filter>
    </ClInclude>
    <ClInclude Include="dependencies\ImGui\imstb_rectpack.h">
      <Filter>Header Files\ImGui</Filter>
    </ClInclude>
    <ClInclude Include="dependencies\ImGui\imgui_internal.h">
      <Filter>Header Files\ImGui</Filter>
    </ClInclude>
    <ClInclude Include="dependencies\ImGui\imgui_impl_opengl3_loader.h">
      <Filter>Header Files\ImGui</Filter>
    </ClInclude>
    <ClInclude Include="dependencies\ImGui\imgui_impl_opengl3.h">
      <Filter>Header Files\ImGui</Filter>
    </ClInclude>
    <ClInclude Include="src\entities\Mesh.h">
      <Filter>Header Files\Entities</Filter>
    </ClInclude>
    <ClInclude Include="src\entities\PhysicalObject.h">
      <Filter>Header Files\Entities</Filter>
    </ClInclude>
    <ClInclude Include="src\entities\PhysicalObjectFactory.h">
      <Filter>Header Files\Entities</Filter>
    </ClInclude>
    <ClInclude Include="src\entities\Skybox.h">
      <Filter>Header Files\Entities</Filter>
    </ClInclude>
    <ClInclude Include="src\entities\BoundingBox.h">
      <Filter>Header Files\Entities</Filter>
    </ClInclude>
    <ClInclude Include="src\geometry\MeshGeometry.h">
      <Filter>Header Files\Geometry</Filter>
    </ClInclude>
    <ClInclude Include="src\geometry\MeshGeometryFactory.h">
      <Filter>Header Files\Geometry</Filter>
    </ClInclude>
    <ClInclude Include="src\gpu_objects\RenderableBackground.h">
      <Filter>Header Files\Gpu Objects</Filter>
    </ClInclude>
    <ClInclude Include="src\gpu_objects\RenderableObject.h">
      <Filter>Header Files\Gpu Objects</Filter>
    </ClInclude>
    <ClInclude Include="src\gpu_objects\RenderablePointLight.h">
      <Filter>Header Files\Gpu Objects</Filter>
    </ClInclude>
    <ClInclude Include="src\gpu_objects\GpuBuffers.h">
      <Filter>Header Files\Gpu Objects</Filter>
    </ClInclude>
    <ClInclude Include="src\lighting\PointLight.h">
      <Filter>Header Files\Lighting</Filter>
    </ClInclude>
    <ClInclude Include="src\lighting\Material.h">
      <Filter>Header Files\Lighting</Filter>
    </ClInclude>
    <ClInclude Include="src\utils\WindowManager.h">
      <Filter>Header Files\Utils</Filter>
    </ClInclude>
    <ClInclude Include="src\utils\initializations.h">
      <Filter>Header Files\Utils</Filter>
    </ClInclude>
    <ClInclude Include="src\utils\gui.h">
      <Filter>Header Files\Utils</Filter>
    </ClInclude>
    <ClInclude Include="src\utils\constants.h">
      <Filter>Header Files\Utils</Filter>
    </ClInclude>
    <ClInclude Include="src\utils\callbacks.h">
      <Filter>Header Files\Utils</Filter>
    </ClInclude>
    <ClInclude Include="src\utils\AppState.h">
      <Filter>Header Files\Utils</Filter>
    </ClInclude>
    <ClInclude Include="src\utils\AppSettings.h">
      <Filter>Header Files\Utils</Filter>
    </ClInclude>
    <ClInclude Include="src\texture\Texture.h">
      <Filter>Header Files\Texture</Filter>
    </ClInclude>
    <ClInclude Include="src\texture\TextureMaker.h">
      <Filter>Header Files\Texture</Filter>
    </ClInclude>
    <ClInclude Include="src\shader\ShaderMaker.h">
      <Filter>Header Files\Shader</Filter>
    </ClInclude>
    <ClInclude Include="src\shader\Shader.h">
      <Filter>Header Files\Shader</Filter>
    </ClInclude>
    <ClInclude Include="src\scene\Camera.h">
      <Filter>Header Files\Scene</Filter>
    </ClInclude>
    <ClInclude Include="src\scene\Projection.h">
      <Filter>Header Files\Scene</Filter>
    </ClInclude>
    <ClInclude Include="src\scene\Scene.h">
      <Filter>Header Files\Scene</Filter>
    </ClInclude>
    <ClInclude Include="src\App.h">
      <Filter>Header Files</Filter>
    </ClInclude>
  </ItemGroup>
</Project>